// !$*UTF8*$!
{
	archiveVersion = 1;
	classes = {
	};
	objectVersion = 51;
	objects = {

/* Begin PBXBuildFile section */
		152D361B24A3AB3200A7F03E /* AppDelegate.swift in Sources */ = {isa = PBXBuildFile; fileRef = 152D361A24A3AB3200A7F03E /* AppDelegate.swift */; };
		152D361D24A3AB3200A7F03E /* SceneDelegate.swift in Sources */ = {isa = PBXBuildFile; fileRef = 152D361C24A3AB3200A7F03E /* SceneDelegate.swift */; };
		152D361F24A3AB3200A7F03E /* ContentView.swift in Sources */ = {isa = PBXBuildFile; fileRef = 152D361E24A3AB3200A7F03E /* ContentView.swift */; };
		152D362124A3AB3500A7F03E /* Assets.xcassets in Resources */ = {isa = PBXBuildFile; fileRef = 152D362024A3AB3500A7F03E /* Assets.xcassets */; };
		152D362424A3AB3500A7F03E /* Preview Assets.xcassets in Resources */ = {isa = PBXBuildFile; fileRef = 152D362324A3AB3500A7F03E /* Preview Assets.xcassets */; };
		152D362724A3AB3500A7F03E /* LaunchScreen.storyboard in Resources */ = {isa = PBXBuildFile; fileRef = 152D362524A3AB3500A7F03E /* LaunchScreen.storyboard */; };
		152D363224A3AB3600A7F03E /* ConnatixTestTests.swift in Sources */ = {isa = PBXBuildFile; fileRef = 152D363124A3AB3600A7F03E /* ConnatixTestTests.swift */; };
		152D363D24A3AB3600A7F03E /* ConnatixTestUITests.swift in Sources */ = {isa = PBXBuildFile; fileRef = 152D363C24A3AB3600A7F03E /* ConnatixTestUITests.swift */; };
		7E0FCCDDE01C4852128ECCFE /* Pods_ConnatixTest_ConnatixTestUITests.framework in Frameworks */ = {isa = PBXBuildFile; fileRef = D2A834A114F72548E3BBFD65 /* Pods_ConnatixTest_ConnatixTestUITests.framework */; };
		B8DE3400587556F17BFCB7EE /* Pods_ConnatixTestTests.framework in Frameworks */ = {isa = PBXBuildFile; fileRef = B028A11B3FDF372887587859 /* Pods_ConnatixTestTests.framework */; };
		E8BDD156B0D5F99A4885B119 /* Pods_ConnatixTest.framework in Frameworks */ = {isa = PBXBuildFile; fileRef = 6FBB2DC49D40F992C158B341 /* Pods_ConnatixTest.framework */; };
/* End PBXBuildFile section */

/* Begin PBXContainerItemProxy section */
		152D362E24A3AB3600A7F03E /* PBXContainerItemProxy */ = {
			isa = PBXContainerItemProxy;
			containerPortal = 152D360F24A3AB3200A7F03E /* Project object */;
			proxyType = 1;
			remoteGlobalIDString = 152D361624A3AB3200A7F03E;
			remoteInfo = ConnatixTest;
		};
		152D363924A3AB3600A7F03E /* PBXContainerItemProxy */ = {
			isa = PBXContainerItemProxy;
			containerPortal = 152D360F24A3AB3200A7F03E /* Project object */;
			proxyType = 1;
			remoteGlobalIDString = 152D361624A3AB3200A7F03E;
			remoteInfo = ConnatixTest;
		};
/* End PBXContainerItemProxy section */

/* Begin PBXFileReference section */
		152D361724A3AB3200A7F03E /* ConnatixTest.app */ = {isa = PBXFileReference; explicitFileType = wrapper.application; includeInIndex = 0; path = ConnatixTest.app; sourceTree = BUILT_PRODUCTS_DIR; };
		152D361A24A3AB3200A7F03E /* AppDelegate.swift */ = {isa = PBXFileReference; lastKnownFileType = sourcecode.swift; path = AppDelegate.swift; sourceTree = "<group>"; };
		152D361C24A3AB3200A7F03E /* SceneDelegate.swift */ = {isa = PBXFileReference; lastKnownFileType = sourcecode.swift; path = SceneDelegate.swift; sourceTree = "<group>"; };
		152D361E24A3AB3200A7F03E /* ContentView.swift */ = {isa = PBXFileReference; lastKnownFileType = sourcecode.swift; path = ContentView.swift; sourceTree = "<group>"; };
		152D362024A3AB3500A7F03E /* Assets.xcassets */ = {isa = PBXFileReference; lastKnownFileType = folder.assetcatalog; path = Assets.xcassets; sourceTree = "<group>"; };
		152D362324A3AB3500A7F03E /* Preview Assets.xcassets */ = {isa = PBXFileReference; lastKnownFileType = folder.assetcatalog; path = "Preview Assets.xcassets"; sourceTree = "<group>"; };
		152D362624A3AB3500A7F03E /* Base */ = {isa = PBXFileReference; lastKnownFileType = file.storyboard; name = Base; path = Base.lproj/LaunchScreen.storyboard; sourceTree = "<group>"; };
		152D362824A3AB3500A7F03E /* Info.plist */ = {isa = PBXFileReference; lastKnownFileType = text.plist.xml; path = Info.plist; sourceTree = "<group>"; };
		152D362D24A3AB3600A7F03E /* ConnatixTestTests.xctest */ = {isa = PBXFileReference; explicitFileType = wrapper.cfbundle; includeInIndex = 0; path = ConnatixTestTests.xctest; sourceTree = BUILT_PRODUCTS_DIR; };
		152D363124A3AB3600A7F03E /* ConnatixTestTests.swift */ = {isa = PBXFileReference; lastKnownFileType = sourcecode.swift; path = ConnatixTestTests.swift; sourceTree = "<group>"; };
		152D363324A3AB3600A7F03E /* Info.plist */ = {isa = PBXFileReference; lastKnownFileType = text.plist.xml; path = Info.plist; sourceTree = "<group>"; };
		152D363824A3AB3600A7F03E /* ConnatixTestUITests.xctest */ = {isa = PBXFileReference; explicitFileType = wrapper.cfbundle; includeInIndex = 0; path = ConnatixTestUITests.xctest; sourceTree = BUILT_PRODUCTS_DIR; };
		152D363C24A3AB3600A7F03E /* ConnatixTestUITests.swift */ = {isa = PBXFileReference; lastKnownFileType = sourcecode.swift; path = ConnatixTestUITests.swift; sourceTree = "<group>"; };
		152D363E24A3AB3600A7F03E /* Info.plist */ = {isa = PBXFileReference; lastKnownFileType = text.plist.xml; path = Info.plist; sourceTree = "<group>"; };
		338407927F782264E3EC95E2 /* Pods-ConnatixTestTests.release.xcconfig */ = {isa = PBXFileReference; includeInIndex = 1; lastKnownFileType = text.xcconfig; name = "Pods-ConnatixTestTests.release.xcconfig"; path = "Target Support Files/Pods-ConnatixTestTests/Pods-ConnatixTestTests.release.xcconfig"; sourceTree = "<group>"; };
		53F9F51F5CE789DE0543C1F4 /* Pods-ConnatixTest.debug.xcconfig */ = {isa = PBXFileReference; includeInIndex = 1; lastKnownFileType = text.xcconfig; name = "Pods-ConnatixTest.debug.xcconfig"; path = "Target Support Files/Pods-ConnatixTest/Pods-ConnatixTest.debug.xcconfig"; sourceTree = "<group>"; };
		6FBB2DC49D40F992C158B341 /* Pods_ConnatixTest.framework */ = {isa = PBXFileReference; explicitFileType = wrapper.framework; includeInIndex = 0; path = Pods_ConnatixTest.framework; sourceTree = BUILT_PRODUCTS_DIR; };
		8400FE43EEC3D9747116BCCF /* Pods-ConnatixTest-ConnatixTestUITests.debug.xcconfig */ = {isa = PBXFileReference; includeInIndex = 1; lastKnownFileType = text.xcconfig; name = "Pods-ConnatixTest-ConnatixTestUITests.debug.xcconfig"; path = "Target Support Files/Pods-ConnatixTest-ConnatixTestUITests/Pods-ConnatixTest-ConnatixTestUITests.debug.xcconfig"; sourceTree = "<group>"; };
		8FB50E5A9782C711125F7E02 /* Pods-ConnatixTest-ConnatixTestUITests.release.xcconfig */ = {isa = PBXFileReference; includeInIndex = 1; lastKnownFileType = text.xcconfig; name = "Pods-ConnatixTest-ConnatixTestUITests.release.xcconfig"; path = "Target Support Files/Pods-ConnatixTest-ConnatixTestUITests/Pods-ConnatixTest-ConnatixTestUITests.release.xcconfig"; sourceTree = "<group>"; };
		8FE1E5D0394F630909693F77 /* Pods-ConnatixTestTests.debug.xcconfig */ = {isa = PBXFileReference; includeInIndex = 1; lastKnownFileType = text.xcconfig; name = "Pods-ConnatixTestTests.debug.xcconfig"; path = "Target Support Files/Pods-ConnatixTestTests/Pods-ConnatixTestTests.debug.xcconfig"; sourceTree = "<group>"; };
		B028A11B3FDF372887587859 /* Pods_ConnatixTestTests.framework */ = {isa = PBXFileReference; explicitFileType = wrapper.framework; includeInIndex = 0; path = Pods_ConnatixTestTests.framework; sourceTree = BUILT_PRODUCTS_DIR; };
		D2A834A114F72548E3BBFD65 /* Pods_ConnatixTest_ConnatixTestUITests.framework */ = {isa = PBXFileReference; explicitFileType = wrapper.framework; includeInIndex = 0; path = Pods_ConnatixTest_ConnatixTestUITests.framework; sourceTree = BUILT_PRODUCTS_DIR; };
		DCA51305D3E6027331184FF9 /* Pods-ConnatixTest.release.xcconfig */ = {isa = PBXFileReference; includeInIndex = 1; lastKnownFileType = text.xcconfig; name = "Pods-ConnatixTest.release.xcconfig"; path = "Target Support Files/Pods-ConnatixTest/Pods-ConnatixTest.release.xcconfig"; sourceTree = "<group>"; };
/* End PBXFileReference section */

/* Begin PBXFrameworksBuildPhase section */
		152D361424A3AB3200A7F03E /* Frameworks */ = {
			isa = PBXFrameworksBuildPhase;
			buildActionMask = 2147483647;
			files = (
				E8BDD156B0D5F99A4885B119 /* Pods_ConnatixTest.framework in Frameworks */,
			);
			runOnlyForDeploymentPostprocessing = 0;
		};
		152D362A24A3AB3600A7F03E /* Frameworks */ = {
			isa = PBXFrameworksBuildPhase;
			buildActionMask = 2147483647;
			files = (
				B8DE3400587556F17BFCB7EE /* Pods_ConnatixTestTests.framework in Frameworks */,
			);
			runOnlyForDeploymentPostprocessing = 0;
		};
		152D363524A3AB3600A7F03E /* Frameworks */ = {
			isa = PBXFrameworksBuildPhase;
			buildActionMask = 2147483647;
			files = (
				7E0FCCDDE01C4852128ECCFE /* Pods_ConnatixTest_ConnatixTestUITests.framework in Frameworks */,
			);
			runOnlyForDeploymentPostprocessing = 0;
		};
/* End PBXFrameworksBuildPhase section */

/* Begin PBXGroup section */
		152D360E24A3AB3200A7F03E = {
			isa = PBXGroup;
			children = (
				152D361924A3AB3200A7F03E /* ConnatixTest */,
				152D363024A3AB3600A7F03E /* ConnatixTestTests */,
				152D363B24A3AB3600A7F03E /* ConnatixTestUITests */,
				152D361824A3AB3200A7F03E /* Products */,
				6D9605B1C67A04362B647832 /* Pods */,
				1F1837A052F466E96E158400 /* Frameworks */,
			);
			sourceTree = "<group>";
		};
		152D361824A3AB3200A7F03E /* Products */ = {
			isa = PBXGroup;
			children = (
				152D361724A3AB3200A7F03E /* ConnatixTest.app */,
				152D362D24A3AB3600A7F03E /* ConnatixTestTests.xctest */,
				152D363824A3AB3600A7F03E /* ConnatixTestUITests.xctest */,
			);
			name = Products;
			sourceTree = "<group>";
		};
		152D361924A3AB3200A7F03E /* ConnatixTest */ = {
			isa = PBXGroup;
			children = (
				152D361A24A3AB3200A7F03E /* AppDelegate.swift */,
				152D361C24A3AB3200A7F03E /* SceneDelegate.swift */,
				152D361E24A3AB3200A7F03E /* ContentView.swift */,
				152D362024A3AB3500A7F03E /* Assets.xcassets */,
				152D362524A3AB3500A7F03E /* LaunchScreen.storyboard */,
				152D362824A3AB3500A7F03E /* Info.plist */,
				152D362224A3AB3500A7F03E /* Preview Content */,
			);
			path = ConnatixTest;
			sourceTree = "<group>";
		};
		152D362224A3AB3500A7F03E /* Preview Content */ = {
			isa = PBXGroup;
			children = (
				152D362324A3AB3500A7F03E /* Preview Assets.xcassets */,
			);
			path = "Preview Content";
			sourceTree = "<group>";
		};
		152D363024A3AB3600A7F03E /* ConnatixTestTests */ = {
			isa = PBXGroup;
			children = (
				152D363124A3AB3600A7F03E /* ConnatixTestTests.swift */,
				152D363324A3AB3600A7F03E /* Info.plist */,
			);
			path = ConnatixTestTests;
			sourceTree = "<group>";
		};
		152D363B24A3AB3600A7F03E /* ConnatixTestUITests */ = {
			isa = PBXGroup;
			children = (
				152D363C24A3AB3600A7F03E /* ConnatixTestUITests.swift */,
				152D363E24A3AB3600A7F03E /* Info.plist */,
			);
			path = ConnatixTestUITests;
			sourceTree = "<group>";
		};
		1F1837A052F466E96E158400 /* Frameworks */ = {
			isa = PBXGroup;
			children = (
				6FBB2DC49D40F992C158B341 /* Pods_ConnatixTest.framework */,
				D2A834A114F72548E3BBFD65 /* Pods_ConnatixTest_ConnatixTestUITests.framework */,
				B028A11B3FDF372887587859 /* Pods_ConnatixTestTests.framework */,
			);
			name = Frameworks;
			sourceTree = "<group>";
		};
		6D9605B1C67A04362B647832 /* Pods */ = {
			isa = PBXGroup;
			children = (
				53F9F51F5CE789DE0543C1F4 /* Pods-ConnatixTest.debug.xcconfig */,
				DCA51305D3E6027331184FF9 /* Pods-ConnatixTest.release.xcconfig */,
				8400FE43EEC3D9747116BCCF /* Pods-ConnatixTest-ConnatixTestUITests.debug.xcconfig */,
				8FB50E5A9782C711125F7E02 /* Pods-ConnatixTest-ConnatixTestUITests.release.xcconfig */,
				8FE1E5D0394F630909693F77 /* Pods-ConnatixTestTests.debug.xcconfig */,
				338407927F782264E3EC95E2 /* Pods-ConnatixTestTests.release.xcconfig */,
			);
			path = Pods;
			sourceTree = "<group>";
		};
/* End PBXGroup section */

/* Begin PBXNativeTarget section */
		152D361624A3AB3200A7F03E /* ConnatixTest */ = {
			isa = PBXNativeTarget;
			buildConfigurationList = 152D364124A3AB3600A7F03E /* Build configuration list for PBXNativeTarget "ConnatixTest" */;
			buildPhases = (
				EE35BC043E8BF2B70B79D73E /* [CP] Check Pods Manifest.lock */,
				152D361324A3AB3200A7F03E /* Sources */,
				152D361424A3AB3200A7F03E /* Frameworks */,
				152D361524A3AB3200A7F03E /* Resources */,
				8A42C103456C35EA9C9CE3C6 /* [CP] Embed Pods Frameworks */,
			);
			buildRules = (
			);
			dependencies = (
			);
			name = ConnatixTest;
			productName = ConnatixTest;
			productReference = 152D361724A3AB3200A7F03E /* ConnatixTest.app */;
			productType = "com.apple.product-type.application";
		};
		152D362C24A3AB3600A7F03E /* ConnatixTestTests */ = {
			isa = PBXNativeTarget;
			buildConfigurationList = 152D364424A3AB3600A7F03E /* Build configuration list for PBXNativeTarget "ConnatixTestTests" */;
			buildPhases = (
				3BE2A3913D234CC084DE8FDD /* [CP] Check Pods Manifest.lock */,
				152D362924A3AB3600A7F03E /* Sources */,
				152D362A24A3AB3600A7F03E /* Frameworks */,
				152D362B24A3AB3600A7F03E /* Resources */,
			);
			buildRules = (
			);
			dependencies = (
				152D362F24A3AB3600A7F03E /* PBXTargetDependency */,
			);
			name = ConnatixTestTests;
			productName = ConnatixTestTests;
			productReference = 152D362D24A3AB3600A7F03E /* ConnatixTestTests.xctest */;
			productType = "com.apple.product-type.bundle.unit-test";
		};
		152D363724A3AB3600A7F03E /* ConnatixTestUITests */ = {
			isa = PBXNativeTarget;
			buildConfigurationList = 152D364724A3AB3600A7F03E /* Build configuration list for PBXNativeTarget "ConnatixTestUITests" */;
			buildPhases = (
				4E53C1EE4D9838AC6A1EF821 /* [CP] Check Pods Manifest.lock */,
				152D363424A3AB3600A7F03E /* Sources */,
				152D363524A3AB3600A7F03E /* Frameworks */,
				152D363624A3AB3600A7F03E /* Resources */,
				74FBB1CD96265BB3F802A6B9 /* [CP] Embed Pods Frameworks */,
			);
			buildRules = (
			);
			dependencies = (
				152D363A24A3AB3600A7F03E /* PBXTargetDependency */,
			);
			name = ConnatixTestUITests;
			productName = ConnatixTestUITests;
			productReference = 152D363824A3AB3600A7F03E /* ConnatixTestUITests.xctest */;
			productType = "com.apple.product-type.bundle.ui-testing";
		};
/* End PBXNativeTarget section */

/* Begin PBXProject section */
		152D360F24A3AB3200A7F03E /* Project object */ = {
			isa = PBXProject;
			attributes = {
				LastSwiftUpdateCheck = 1150;
				LastUpgradeCheck = 1150;
				ORGANIZATIONNAME = "Krisztian Ferencz";
				TargetAttributes = {
					152D361624A3AB3200A7F03E = {
						CreatedOnToolsVersion = 11.5;
					};
					152D362C24A3AB3600A7F03E = {
						CreatedOnToolsVersion = 11.5;
						TestTargetID = 152D361624A3AB3200A7F03E;
					};
					152D363724A3AB3600A7F03E = {
						CreatedOnToolsVersion = 11.5;
						TestTargetID = 152D361624A3AB3200A7F03E;
					};
				};
			};
			buildConfigurationList = 152D361224A3AB3200A7F03E /* Build configuration list for PBXProject "ConnatixTest" */;
			compatibilityVersion = "Xcode 9.3";
			developmentRegion = en;
			hasScannedForEncodings = 0;
			knownRegions = (
				en,
				Base,
			);
			mainGroup = 152D360E24A3AB3200A7F03E;
			productRefGroup = 152D361824A3AB3200A7F03E /* Products */;
			projectDirPath = "";
			projectRoot = "";
			targets = (
				152D361624A3AB3200A7F03E /* ConnatixTest */,
				152D362C24A3AB3600A7F03E /* ConnatixTestTests */,
				152D363724A3AB3600A7F03E /* ConnatixTestUITests */,
			);
		};
/* End PBXProject section */

/* Begin PBXResourcesBuildPhase section */
		152D361524A3AB3200A7F03E /* Resources */ = {
			isa = PBXResourcesBuildPhase;
			buildActionMask = 2147483647;
			files = (
				152D362724A3AB3500A7F03E /* LaunchScreen.storyboard in Resources */,
				152D362424A3AB3500A7F03E /* Preview Assets.xcassets in Resources */,
				152D362124A3AB3500A7F03E /* Assets.xcassets in Resources */,
			);
			runOnlyForDeploymentPostprocessing = 0;
		};
		152D362B24A3AB3600A7F03E /* Resources */ = {
			isa = PBXResourcesBuildPhase;
			buildActionMask = 2147483647;
			files = (
			);
			runOnlyForDeploymentPostprocessing = 0;
		};
		152D363624A3AB3600A7F03E /* Resources */ = {
			isa = PBXResourcesBuildPhase;
			buildActionMask = 2147483647;
			files = (
			);
			runOnlyForDeploymentPostprocessing = 0;
		};
/* End PBXResourcesBuildPhase section */

/* Begin PBXShellScriptBuildPhase section */
		3BE2A3913D234CC084DE8FDD /* [CP] Check Pods Manifest.lock */ = {
			isa = PBXShellScriptBuildPhase;
			buildActionMask = 2147483647;
			files = (
			);
			inputFileListPaths = (
			);
			inputPaths = (
				"${PODS_PODFILE_DIR_PATH}/Podfile.lock",
				"${PODS_ROOT}/Manifest.lock",
			);
			name = "[CP] Check Pods Manifest.lock";
			outputFileListPaths = (
			);
			outputPaths = (
				"$(DERIVED_FILE_DIR)/Pods-ConnatixTestTests-checkManifestLockResult.txt",
			);
			runOnlyForDeploymentPostprocessing = 0;
			shellPath = /bin/sh;
			shellScript = "diff \"${PODS_PODFILE_DIR_PATH}/Podfile.lock\" \"${PODS_ROOT}/Manifest.lock\" > /dev/null\nif [ $? != 0 ] ; then\n    # print error to STDERR\n    echo \"error: The sandbox is not in sync with the Podfile.lock. Run 'pod install' or update your CocoaPods installation.\" >&2\n    exit 1\nfi\n# This output is used by Xcode 'outputs' to avoid re-running this script phase.\necho \"SUCCESS\" > \"${SCRIPT_OUTPUT_FILE_0}\"\n";
			showEnvVarsInLog = 0;
		};
		4E53C1EE4D9838AC6A1EF821 /* [CP] Check Pods Manifest.lock */ = {
			isa = PBXShellScriptBuildPhase;
			buildActionMask = 2147483647;
			files = (
			);
			inputFileListPaths = (
			);
			inputPaths = (
				"${PODS_PODFILE_DIR_PATH}/Podfile.lock",
				"${PODS_ROOT}/Manifest.lock",
			);
			name = "[CP] Check Pods Manifest.lock";
			outputFileListPaths = (
			);
			outputPaths = (
				"$(DERIVED_FILE_DIR)/Pods-ConnatixTest-ConnatixTestUITests-checkManifestLockResult.txt",
			);
			runOnlyForDeploymentPostprocessing = 0;
			shellPath = /bin/sh;
			shellScript = "diff \"${PODS_PODFILE_DIR_PATH}/Podfile.lock\" \"${PODS_ROOT}/Manifest.lock\" > /dev/null\nif [ $? != 0 ] ; then\n    # print error to STDERR\n    echo \"error: The sandbox is not in sync with the Podfile.lock. Run 'pod install' or update your CocoaPods installation.\" >&2\n    exit 1\nfi\n# This output is used by Xcode 'outputs' to avoid re-running this script phase.\necho \"SUCCESS\" > \"${SCRIPT_OUTPUT_FILE_0}\"\n";
			showEnvVarsInLog = 0;
		};
		74FBB1CD96265BB3F802A6B9 /* [CP] Embed Pods Frameworks */ = {
			isa = PBXShellScriptBuildPhase;
			buildActionMask = 2147483647;
			files = (
			);
			inputFileListPaths = (
				"${PODS_ROOT}/Target Support Files/Pods-ConnatixTest-ConnatixTestUITests/Pods-ConnatixTest-ConnatixTestUITests-frameworks-${CONFIGURATION}-input-files.xcfilelist",
			);
			name = "[CP] Embed Pods Frameworks";
			outputFileListPaths = (
				"${PODS_ROOT}/Target Support Files/Pods-ConnatixTest-ConnatixTestUITests/Pods-ConnatixTest-ConnatixTestUITests-frameworks-${CONFIGURATION}-output-files.xcfilelist",
			);
			runOnlyForDeploymentPostprocessing = 0;
			shellPath = /bin/sh;
			shellScript = "\"${PODS_ROOT}/Target Support Files/Pods-ConnatixTest-ConnatixTestUITests/Pods-ConnatixTest-ConnatixTestUITests-frameworks.sh\"\n";
			showEnvVarsInLog = 0;
		};
		8A42C103456C35EA9C9CE3C6 /* [CP] Embed Pods Frameworks */ = {
			isa = PBXShellScriptBuildPhase;
			buildActionMask = 2147483647;
			files = (
			);
			inputFileListPaths = (
				"${PODS_ROOT}/Target Support Files/Pods-ConnatixTest/Pods-ConnatixTest-frameworks-${CONFIGURATION}-input-files.xcfilelist",
			);
			name = "[CP] Embed Pods Frameworks";
			outputFileListPaths = (
				"${PODS_ROOT}/Target Support Files/Pods-ConnatixTest/Pods-ConnatixTest-frameworks-${CONFIGURATION}-output-files.xcfilelist",
			);
			runOnlyForDeploymentPostprocessing = 0;
			shellPath = /bin/sh;
			shellScript = "\"${PODS_ROOT}/Target Support Files/Pods-ConnatixTest/Pods-ConnatixTest-frameworks.sh\"\n";
			showEnvVarsInLog = 0;
		};
		EE35BC043E8BF2B70B79D73E /* [CP] Check Pods Manifest.lock */ = {
			isa = PBXShellScriptBuildPhase;
			buildActionMask = 2147483647;
			files = (
			);
			inputFileListPaths = (
			);
			inputPaths = (
				"${PODS_PODFILE_DIR_PATH}/Podfile.lock",
				"${PODS_ROOT}/Manifest.lock",
			);
			name = "[CP] Check Pods Manifest.lock";
			outputFileListPaths = (
			);
			outputPaths = (
				"$(DERIVED_FILE_DIR)/Pods-ConnatixTest-checkManifestLockResult.txt",
			);
			runOnlyForDeploymentPostprocessing = 0;
			shellPath = /bin/sh;
			shellScript = "diff \"${PODS_PODFILE_DIR_PATH}/Podfile.lock\" \"${PODS_ROOT}/Manifest.lock\" > /dev/null\nif [ $? != 0 ] ; then\n    # print error to STDERR\n    echo \"error: The sandbox is not in sync with the Podfile.lock. Run 'pod install' or update your CocoaPods installation.\" >&2\n    exit 1\nfi\n# This output is used by Xcode 'outputs' to avoid re-running this script phase.\necho \"SUCCESS\" > \"${SCRIPT_OUTPUT_FILE_0}\"\n";
			showEnvVarsInLog = 0;
		};
/* End PBXShellScriptBuildPhase section */

/* Begin PBXSourcesBuildPhase section */
		152D361324A3AB3200A7F03E /* Sources */ = {
			isa = PBXSourcesBuildPhase;
			buildActionMask = 2147483647;
			files = (
				152D361B24A3AB3200A7F03E /* AppDelegate.swift in Sources */,
				152D361D24A3AB3200A7F03E /* SceneDelegate.swift in Sources */,
				152D361F24A3AB3200A7F03E /* ContentView.swift in Sources */,
			);
			runOnlyForDeploymentPostprocessing = 0;
		};
		152D362924A3AB3600A7F03E /* Sources */ = {
			isa = PBXSourcesBuildPhase;
			buildActionMask = 2147483647;
			files = (
				152D363224A3AB3600A7F03E /* ConnatixTestTests.swift in Sources */,
			);
			runOnlyForDeploymentPostprocessing = 0;
		};
		152D363424A3AB3600A7F03E /* Sources */ = {
			isa = PBXSourcesBuildPhase;
			buildActionMask = 2147483647;
			files = (
				152D363D24A3AB3600A7F03E /* ConnatixTestUITests.swift in Sources */,
			);
			runOnlyForDeploymentPostprocessing = 0;
		};
/* End PBXSourcesBuildPhase section */

/* Begin PBXTargetDependency section */
		152D362F24A3AB3600A7F03E /* PBXTargetDependency */ = {
			isa = PBXTargetDependency;
			target = 152D361624A3AB3200A7F03E /* ConnatixTest */;
			targetProxy = 152D362E24A3AB3600A7F03E /* PBXContainerItemProxy */;
		};
		152D363A24A3AB3600A7F03E /* PBXTargetDependency */ = {
			isa = PBXTargetDependency;
			target = 152D361624A3AB3200A7F03E /* ConnatixTest */;
			targetProxy = 152D363924A3AB3600A7F03E /* PBXContainerItemProxy */;
		};
/* End PBXTargetDependency section */

/* Begin PBXVariantGroup section */
		152D362524A3AB3500A7F03E /* LaunchScreen.storyboard */ = {
			isa = PBXVariantGroup;
			children = (
				152D362624A3AB3500A7F03E /* Base */,
			);
			name = LaunchScreen.storyboard;
			sourceTree = "<group>";
		};
/* End PBXVariantGroup section */

/* Begin XCBuildConfiguration section */
		152D363F24A3AB3600A7F03E /* Debug */ = {
			isa = XCBuildConfiguration;
			buildSettings = {
				ALWAYS_SEARCH_USER_PATHS = NO;
				CLANG_ANALYZER_NONNULL = YES;
				CLANG_ANALYZER_NUMBER_OBJECT_CONVERSION = YES_AGGRESSIVE;
				CLANG_CXX_LANGUAGE_STANDARD = "gnu++14";
				CLANG_CXX_LIBRARY = "libc++";
				CLANG_ENABLE_MODULES = YES;
				CLANG_ENABLE_OBJC_ARC = YES;
				CLANG_ENABLE_OBJC_WEAK = YES;
				CLANG_WARN_BLOCK_CAPTURE_AUTORELEASING = YES;
				CLANG_WARN_BOOL_CONVERSION = YES;
				CLANG_WARN_COMMA = YES;
				CLANG_WARN_CONSTANT_CONVERSION = YES;
				CLANG_WARN_DEPRECATED_OBJC_IMPLEMENTATIONS = YES;
				CLANG_WARN_DIRECT_OBJC_ISA_USAGE = YES_ERROR;
				CLANG_WARN_DOCUMENTATION_COMMENTS = YES;
				CLANG_WARN_EMPTY_BODY = YES;
				CLANG_WARN_ENUM_CONVERSION = YES;
				CLANG_WARN_INFINITE_RECURSION = YES;
				CLANG_WARN_INT_CONVERSION = YES;
				CLANG_WARN_NON_LITERAL_NULL_CONVERSION = YES;
				CLANG_WARN_OBJC_IMPLICIT_RETAIN_SELF = YES;
				CLANG_WARN_OBJC_LITERAL_CONVERSION = YES;
				CLANG_WARN_OBJC_ROOT_CLASS = YES_ERROR;
				CLANG_WARN_RANGE_LOOP_ANALYSIS = YES;
				CLANG_WARN_STRICT_PROTOTYPES = YES;
				CLANG_WARN_SUSPICIOUS_MOVE = YES;
				CLANG_WARN_UNGUARDED_AVAILABILITY = YES_AGGRESSIVE;
				CLANG_WARN_UNREACHABLE_CODE = YES;
				CLANG_WARN__DUPLICATE_METHOD_MATCH = YES;
				COPY_PHASE_STRIP = NO;
				DEBUG_INFORMATION_FORMAT = dwarf;
				ENABLE_STRICT_OBJC_MSGSEND = YES;
				ENABLE_TESTABILITY = YES;
				GCC_C_LANGUAGE_STANDARD = gnu11;
				GCC_DYNAMIC_NO_PIC = NO;
				GCC_NO_COMMON_BLOCKS = YES;
				GCC_OPTIMIZATION_LEVEL = 0;
				GCC_PREPROCESSOR_DEFINITIONS = (
					"DEBUG=1",
					"$(inherited)",
				);
				GCC_WARN_64_TO_32_BIT_CONVERSION = YES;
				GCC_WARN_ABOUT_RETURN_TYPE = YES_ERROR;
				GCC_WARN_UNDECLARED_SELECTOR = YES;
				GCC_WARN_UNINITIALIZED_AUTOS = YES_AGGRESSIVE;
				GCC_WARN_UNUSED_FUNCTION = YES;
				GCC_WARN_UNUSED_VARIABLE = YES;
				IPHONEOS_DEPLOYMENT_TARGET = 13.5;
				MTL_ENABLE_DEBUG_INFO = INCLUDE_SOURCE;
				MTL_FAST_MATH = YES;
				ONLY_ACTIVE_ARCH = YES;
				SDKROOT = iphoneos;
				SWIFT_ACTIVE_COMPILATION_CONDITIONS = DEBUG;
				SWIFT_OPTIMIZATION_LEVEL = "-Onone";
			};
			name = Debug;
		};
		152D364024A3AB3600A7F03E /* Release */ = {
			isa = XCBuildConfiguration;
			buildSettings = {
				ALWAYS_SEARCH_USER_PATHS = NO;
				CLANG_ANALYZER_NONNULL = YES;
				CLANG_ANALYZER_NUMBER_OBJECT_CONVERSION = YES_AGGRESSIVE;
				CLANG_CXX_LANGUAGE_STANDARD = "gnu++14";
				CLANG_CXX_LIBRARY = "libc++";
				CLANG_ENABLE_MODULES = YES;
				CLANG_ENABLE_OBJC_ARC = YES;
				CLANG_ENABLE_OBJC_WEAK = YES;
				CLANG_WARN_BLOCK_CAPTURE_AUTORELEASING = YES;
				CLANG_WARN_BOOL_CONVERSION = YES;
				CLANG_WARN_COMMA = YES;
				CLANG_WARN_CONSTANT_CONVERSION = YES;
				CLANG_WARN_DEPRECATED_OBJC_IMPLEMENTATIONS = YES;
				CLANG_WARN_DIRECT_OBJC_ISA_USAGE = YES_ERROR;
				CLANG_WARN_DOCUMENTATION_COMMENTS = YES;
				CLANG_WARN_EMPTY_BODY = YES;
				CLANG_WARN_ENUM_CONVERSION = YES;
				CLANG_WARN_INFINITE_RECURSION = YES;
				CLANG_WARN_INT_CONVERSION = YES;
				CLANG_WARN_NON_LITERAL_NULL_CONVERSION = YES;
				CLANG_WARN_OBJC_IMPLICIT_RETAIN_SELF = YES;
				CLANG_WARN_OBJC_LITERAL_CONVERSION = YES;
				CLANG_WARN_OBJC_ROOT_CLASS = YES_ERROR;
				CLANG_WARN_RANGE_LOOP_ANALYSIS = YES;
				CLANG_WARN_STRICT_PROTOTYPES = YES;
				CLANG_WARN_SUSPICIOUS_MOVE = YES;
				CLANG_WARN_UNGUARDED_AVAILABILITY = YES_AGGRESSIVE;
				CLANG_WARN_UNREACHABLE_CODE = YES;
				CLANG_WARN__DUPLICATE_METHOD_MATCH = YES;
				COPY_PHASE_STRIP = NO;
				DEBUG_INFORMATION_FORMAT = "dwarf-with-dsym";
				ENABLE_NS_ASSERTIONS = NO;
				ENABLE_STRICT_OBJC_MSGSEND = YES;
				GCC_C_LANGUAGE_STANDARD = gnu11;
				GCC_NO_COMMON_BLOCKS = YES;
				GCC_WARN_64_TO_32_BIT_CONVERSION = YES;
				GCC_WARN_ABOUT_RETURN_TYPE = YES_ERROR;
				GCC_WARN_UNDECLARED_SELECTOR = YES;
				GCC_WARN_UNINITIALIZED_AUTOS = YES_AGGRESSIVE;
				GCC_WARN_UNUSED_FUNCTION = YES;
				GCC_WARN_UNUSED_VARIABLE = YES;
				IPHONEOS_DEPLOYMENT_TARGET = 13.5;
				MTL_ENABLE_DEBUG_INFO = NO;
				MTL_FAST_MATH = YES;
				SDKROOT = iphoneos;
				SWIFT_COMPILATION_MODE = wholemodule;
				SWIFT_OPTIMIZATION_LEVEL = "-O";
				VALIDATE_PRODUCT = YES;
			};
			name = Release;
		};
		152D364224A3AB3600A7F03E /* Debug */ = {
			isa = XCBuildConfiguration;
			baseConfigurationReference = 53F9F51F5CE789DE0543C1F4 /* Pods-ConnatixTest.debug.xcconfig */;
			buildSettings = {
				ASSETCATALOG_COMPILER_APPICON_NAME = AppIcon;
				CODE_SIGN_STYLE = Automatic;
				DEVELOPMENT_ASSET_PATHS = "\"ConnatixTest/Preview Content\"";
				DEVELOPMENT_TEAM = JSG7AL33A3;
				ENABLE_PREVIEWS = YES;
				INFOPLIST_FILE = ConnatixTest/Info.plist;
				LD_RUNPATH_SEARCH_PATHS = (
					"$(inherited)",
					"@executable_path/Frameworks",
				);
				PRODUCT_BUNDLE_IDENTIFIER = com.krisztiaan.ConnatixTest;
				PRODUCT_NAME = "$(TARGET_NAME)";
				SWIFT_VERSION = 5.0;
				TARGETED_DEVICE_FAMILY = "1,2";
			};
			name = Debug;
		};
		152D364324A3AB3600A7F03E /* Release */ = {
			isa = XCBuildConfiguration;
			baseConfigurationReference = DCA51305D3E6027331184FF9 /* Pods-ConnatixTest.release.xcconfig */;
			buildSettings = {
				ASSETCATALOG_COMPILER_APPICON_NAME = AppIcon;
				CODE_SIGN_STYLE = Automatic;
				DEVELOPMENT_ASSET_PATHS = "\"ConnatixTest/Preview Content\"";
				DEVELOPMENT_TEAM = JSG7AL33A3;
				ENABLE_PREVIEWS = YES;
				INFOPLIST_FILE = ConnatixTest/Info.plist;
				LD_RUNPATH_SEARCH_PATHS = (
					"$(inherited)",
					"@executable_path/Frameworks",
				);
				PRODUCT_BUNDLE_IDENTIFIER = com.krisztiaan.ConnatixTest;
				PRODUCT_NAME = "$(TARGET_NAME)";
				SWIFT_VERSION = 5.0;
				TARGETED_DEVICE_FAMILY = "1,2";
			};
			name = Release;
		};
		152D364524A3AB3600A7F03E /* Debug */ = {
			isa = XCBuildConfiguration;
			baseConfigurationReference = 8FE1E5D0394F630909693F77 /* Pods-ConnatixTestTests.debug.xcconfig */;
			buildSettings = {
				ALWAYS_EMBED_SWIFT_STANDARD_LIBRARIES = YES;
				BUNDLE_LOADER = "$(TEST_HOST)";
				CODE_SIGN_STYLE = Automatic;
				INFOPLIST_FILE = ConnatixTestTests/Info.plist;
				IPHONEOS_DEPLOYMENT_TARGET = 13.5;
				LD_RUNPATH_SEARCH_PATHS = (
					"$(inherited)",
					"@executable_path/Frameworks",
					"@loader_path/Frameworks",
				);
				PRODUCT_BUNDLE_IDENTIFIER = com.krisztiaan.ConnatixTestTests;
				PRODUCT_NAME = "$(TARGET_NAME)";
				SWIFT_VERSION = 5.0;
				TARGETED_DEVICE_FAMILY = "1,2";
				TEST_HOST = "$(BUILT_PRODUCTS_DIR)/ConnatixTest.app/ConnatixTest";
			};
			name = Debug;
		};
		152D364624A3AB3600A7F03E /* Release */ = {
			isa = XCBuildConfiguration;
			baseConfigurationReference = 338407927F782264E3EC95E2 /* Pods-ConnatixTestTests.release.xcconfig */;
			buildSettings = {
				ALWAYS_EMBED_SWIFT_STANDARD_LIBRARIES = YES;
				BUNDLE_LOADER = "$(TEST_HOST)";
				CODE_SIGN_STYLE = Automatic;
				INFOPLIST_FILE = ConnatixTestTests/Info.plist;
				IPHONEOS_DEPLOYMENT_TARGET = 13.5;
				LD_RUNPATH_SEARCH_PATHS = (
					"$(inherited)",
					"@executable_path/Frameworks",
					"@loader_path/Frameworks",
				);
				PRODUCT_BUNDLE_IDENTIFIER = com.krisztiaan.ConnatixTestTests;
				PRODUCT_NAME = "$(TARGET_NAME)";
				SWIFT_VERSION = 5.0;
				TARGETED_DEVICE_FAMILY = "1,2";
				TEST_HOST = "$(BUILT_PRODUCTS_DIR)/ConnatixTest.app/ConnatixTest";
			};
			name = Release;
		};
		152D364824A3AB3600A7F03E /* Debug */ = {
			isa = XCBuildConfiguration;
			baseConfigurationReference = 8400FE43EEC3D9747116BCCF /* Pods-ConnatixTest-ConnatixTestUITests.debug.xcconfig */;
			buildSettings = {
				ALWAYS_EMBED_SWIFT_STANDARD_LIBRARIES = YES;
				CODE_SIGN_STYLE = Automatic;
				INFOPLIST_FILE = ConnatixTestUITests/Info.plist;
				LD_RUNPATH_SEARCH_PATHS = (
					"$(inherited)",
					"@executable_path/Frameworks",
					"@loader_path/Frameworks",
				);
				PRODUCT_BUNDLE_IDENTIFIER = com.krisztiaan.ConnatixTestUITests;
				PRODUCT_NAME = "$(TARGET_NAME)";
				SWIFT_VERSION = 5.0;
				TARGETED_DEVICE_FAMILY = "1,2";
				TEST_TARGET_NAME = ConnatixTest;
			};
			name = Debug;
		};
		152D364924A3AB3600A7F03E /* Release */ = {
			isa = XCBuildConfiguration;
			baseConfigurationReference = 8FB50E5A9782C711125F7E02 /* Pods-ConnatixTest-ConnatixTestUITests.release.xcconfig */;
			buildSettings = {
				ALWAYS_EMBED_SWIFT_STANDARD_LIBRARIES = YES;
				CODE_SIGN_STYLE = Automatic;
				INFOPLIST_FILE = ConnatixTestUITests/Info.plist;
				LD_RUNPATH_SEARCH_PATHS = (
					"$(inherited)",
					"@executable_path/Frameworks",
					"@loader_path/Frameworks",
				);
				PRODUCT_BUNDLE_IDENTIFIER = com.krisztiaan.ConnatixTestUITests;
				PRODUCT_NAME = "$(TARGET_NAME)";
				SWIFT_VERSION = 5.0;
				TARGETED_DEVICE_FAMILY = "1,2";
				TEST_TARGET_NAME = ConnatixTest;
			};
			name = Release;
		};
/* End XCBuildConfiguration section */

/* Begin XCConfigurationList section */
		152D361224A3AB3200A7F03E /* Build configuration list for PBXProject "ConnatixTest" */ = {
			isa = XCConfigurationList;
			buildConfigurations = (
				152D363F24A3AB3600A7F03E /* Debug */,
				152D364024A3AB3600A7F03E /* Release */,
			);
			defaultConfigurationIsVisible = 0;
			defaultConfigurationName = Release;
		};
		152D364124A3AB3600A7F03E /* Build configuration list for PBXNativeTarget "ConnatixTest" */ = {
			isa = XCConfigurationList;
			buildConfigurations = (
				152D364224A3AB3600A7F03E /* Debug */,
				152D364324A3AB3600A7F03E /* Release */,
			);
			defaultConfigurationIsVisible = 0;
			defaultConfigurationName = Release;
		};
		152D364424A3AB3600A7F03E /* Build configuration list for PBXNativeTarget "ConnatixTestTests" */ = {
			isa = XCConfigurationList;
			buildConfigurations = (
				152D364524A3AB3600A7F03E /* Debug */,
				152D364624A3AB3600A7F03E /* Release */,
			);
			defaultConfigurationIsVisible = 0;
			defaultConfigurationName = Release;
		};
		152D364724A3AB3600A7F03E /* Build configuration list for PBXNativeTarget "ConnatixTestUITests" */ = {
			isa = XCConfigurationList;
			buildConfigurations = (
				152D364824A3AB3600A7F03E /* Debug */,
				152D364924A3AB3600A7F03E /* Release */,
			);
			defaultConfigurationIsVisible = 0;
			defaultConfigurationName = Release;
		};
/* End XCConfigurationList section */
	};
	rootObject = 152D360F24A3AB3200A7F03E /* Project object */;
}
